
Microsoft Visual Studio Solution File, Format Version 12.00
# Visual Studio 15
VisualStudioVersion = 15.0.27004.2005
MinimumVisualStudioVersion = 10.0.40219.1
Project("{FAE04EC0-301F-11D3-BF4B-00C04F79EFBC}") = "WebIdentity", "WebIdentity\WebIdentity.csproj", "{6504ED2D-1A7D-429E-81D2-967864496284}"
EndProject
Project("{FAE04EC0-301F-11D3-BF4B-00C04F79EFBC}") = "WebIdentity.Domain", "WebIdentity.Domain\WebIdentity.Domain.csproj", "{BDEE7D9C-1531-476D-904C-6E18A824CEE8}"
EndProject
Global
	GlobalSection(SolutionConfigurationPlatforms) = preSolution
		Debug|Any CPU = Debug|Any CPU
		Release|Any CPU = Release|Any CPU
	EndGlobalSection
	GlobalSection(ProjectConfigurationPlatforms) = postSolution
		{6504ED2D-1A7D-429E-81D2-967864496284}.Debug|Any CPU.ActiveCfg = Debug|Any CPU
		{6504ED2D-1A7D-429E-81D2-967864496284}.Debug|Any CPU.Build.0 = Debug|Any CPU
		{6504ED2D-1A7D-429E-81D2-967864496284}.Release|Any CPU.ActiveCfg = Release|Any CPU
		{6504ED2D-1A7D-429E-81D2-967864496284}.Release|Any CPU.Build.0 = Release|Any CPU
		{BDEE7D9C-1531-476D-904C-6E18A824CEE8}.Debug|Any CPU.ActiveCfg = Debug|Any CPU
		{BDEE7D9C-1531-476D-904C-6E18A824CEE8}.Debug|Any CPU.Build.0 = Debug|Any CPU
		{BDEE7D9C-1531-476D-904C-6E18A824CEE8}.Release|Any CPU.ActiveCfg = Release|Any CPU
		{BDEE7D9C-1531-476D-904C-6E18A824CEE8}.Release|Any CPU.Build.0 = Release|Any CPU
	EndGlobalSection
	GlobalSection(SolutionProperties) = preSolution
		HideSolutionNode = FALSE
	EndGlobalSection
	GlobalSection(ExtensibilityGlobals) = postSolution
		SolutionGuid = {C3B224FE-47FA-4210-831C-47ED6D00C4FC}
	EndGlobalSection
EndGlobal
